
Microsoft Visual Studio Solution File, Format Version 12.00
# Visual Studio Version 17
VisualStudioVersion = 17.4.33213.308
MinimumVisualStudioVersion = 10.0.40219.1
Project("{FAE04EC0-301F-11D3-BF4B-00C04F79EFBC}") = "Assignment3_Backend", "Assignment3_Backend.csproj", "{7C901E1F-13F0-453B-9912-E14ECB55EACE}"
EndProject
Global
	GlobalSection(SolutionConfigurationPlatforms) = preSolution
		Debug|Any CPU = Debug|Any CPU
		Release|Any CPU = Release|Any CPU
	EndGlobalSection
	GlobalSection(ProjectConfigurationPlatforms) = postSolution
		{7C901E1F-13F0-453B-9912-E14ECB55EACE}.Debug|Any CPU.ActiveCfg = Debug|Any CPU
		{7C901E1F-13F0-453B-9912-E14ECB55EACE}.Debug|Any CPU.Build.0 = Debug|Any CPU
		{7C901E1F-13F0-453B-9912-E14ECB55EACE}.Release|Any CPU.ActiveCfg = Release|Any CPU
		{7C901E1F-13F0-453B-9912-E14ECB55EACE}.Release|Any CPU.Build.0 = Release|Any CPU
	EndGlobalSection
	GlobalSection(SolutionProperties) = preSolution
		HideSolutionNode = FALSE
	EndGlobalSection
	GlobalSection(ExtensibilityGlobals) = postSolution
		SolutionGuid = {8F5A408B-C794-499D-BB5F-F701545899E5}
	EndGlobalSection
EndGlobal
